# THIS IS AN AUTOGENERATED FILE. DO NOT EDIT THIS FILE DIRECTLY.
# yarn lockfile v1


"@fortawesome/angular-fontawesome@^0.3.0":
  version "0.3.0"
  resolved "https://registry.yarnpkg.com/@fortawesome/angular-fontawesome/-/angular-fontawesome-0.3.0.tgz#380492f186469ce03d6fdbb3ec719810f771bf62"
  integrity sha512-wXvyPI7GidoNiqeMz2re9iemUMFH4zBmuv94CfXlaanQ8+kMP/fYs/k69PLVN1KsebQY4kRA9GHmc1U1ndBkJg==
  dependencies:
    tslib "^1.9.0"

"@fortawesome/fontawesome-common-types@^0.2.10":
  version "0.2.10"
  resolved "https://registry.yarnpkg.com/@fortawesome/fontawesome-common-types/-/fontawesome-common-types-0.2.10.tgz#ae0e6858daf6f9ff1e2396f9fbea87b244628343"
  integrity sha512-FbrzSgFDzoC6Dm8w7gCWxgdffFbYV7O/4THOtYDQEplZVOpYIA3vjgnxCXApY49YaIQ91mxIGROS3d7wS+fO3A==

"@fortawesome/fontawesome-svg-core@^1.2.10":
  version "1.2.10"
  resolved "https://registry.yarnpkg.com/@fortawesome/fontawesome-svg-core/-/fontawesome-svg-core-1.2.10.tgz#235f82b209f36c94792a79b9aea127dfa29651c9"
  integrity sha512-x9rYQ4jPVWnXgsle/MzaV2qDwNfc1Gm5DB0T76WOp4RDZ/esjEE0OvKtMa2qFvG1NqYbelgN4gChA+ttAqPtaw==
  dependencies:
    "@fortawesome/fontawesome-common-types" "^0.2.10"

"@fortawesome/free-solid-svg-icons@^5.6.1":
  version "5.6.1"
  resolved "https://registry.yarnpkg.com/@fortawesome/free-solid-svg-icons/-/free-solid-svg-icons-5.6.1.tgz#5f6888639c8564a7ba98f4f295807ca5bc250e2c"
  integrity sha512-J5es6So1zoT234XkYVkuDtHKeeNe7gvTM9VHdEwG8wSKwSIbdMixoNAMBbL88haGUolj0YjEmZwov4NMTx3Srw==
  dependencies:
    "@fortawesome/fontawesome-common-types" "^0.2.10"

dexie@^2.0.4:
  version "2.0.4"
  resolved "https://registry.yarnpkg.com/dexie/-/dexie-2.0.4.tgz#6027a5e05879424e8f9979d8c14e7420f27e3a11"
  integrity sha512-aQ/s1U2wHxwBKRrt2Z/mwFNHMQWhESerFsMYzE+5P5OsIe5o1kgpFMWkzKTtkvkyyEni6mWr/T4HUJuY9xIHLA==

tslib@^1.9.0:
  version "1.9.3"
  resolved "https://registry.yarnpkg.com/tslib/-/tslib-1.9.3.tgz#d7e4dd79245d85428c4d7e4822a79917954ca286"
  integrity sha512-4krF8scpejhaOgqzBEcGM7yDIEfi0/8+8zDRZhNZZ2kjmHJ4hv3zCbQWxoJGz1iw5U0Jl0nma13xzHXcncMavQ==
